
Microsoft Visual Studio Solution File, Format Version 12.00
# Visual Studio Version 16
VisualStudioVersion = 16.0.30128.74
MinimumVisualStudioVersion = 10.0.40219.1
Project("{FAE04EC0-301F-11D3-BF4B-00C04F79EFBC}") = "Abide.DebugXbox", "Abide.DebugXbox\Abide.DebugXbox.csproj", "{C7B4DF9C-D74C-4F1B-9083-5531BEA84B6D}"
EndProject
Project("{FAE04EC0-301F-11D3-BF4B-00C04F79EFBC}") = "Abide.DebugXbox.Test", "Abide.Debug.Xbox.Test\Abide.DebugXbox.Test.csproj", "{A816C7A0-705C-413B-8AD9-BA761F5D4A7C}"
EndProject
Project("{FAE04EC0-301F-11D3-BF4B-00C04F79EFBC}") = "XbExplorer", "XbExplorer\XbExplorer.csproj", "{C1154F47-D49E-49C5-B28D-1CC5FFC5C16C}"
EndProject
Project("{FAE04EC0-301F-11D3-BF4B-00C04F79EFBC}") = "XbExplorer.Wpf", "XbExplorer.Wpf\XbExplorer.Wpf.csproj", "{8D074E09-DE71-429E-B02A-542CA0548AFD}"
EndProject
Global
	GlobalSection(SolutionConfigurationPlatforms) = preSolution
		Debug|Any CPU = Debug|Any CPU
		Release|Any CPU = Release|Any CPU
	EndGlobalSection
	GlobalSection(ProjectConfigurationPlatforms) = postSolution
		{C7B4DF9C-D74C-4F1B-9083-5531BEA84B6D}.Debug|Any CPU.ActiveCfg = Debug|Any CPU
		{C7B4DF9C-D74C-4F1B-9083-5531BEA84B6D}.Debug|Any CPU.Build.0 = Debug|Any CPU
		{C7B4DF9C-D74C-4F1B-9083-5531BEA84B6D}.Release|Any CPU.ActiveCfg = Release|Any CPU
		{C7B4DF9C-D74C-4F1B-9083-5531BEA84B6D}.Release|Any CPU.Build.0 = Release|Any CPU
		{A816C7A0-705C-413B-8AD9-BA761F5D4A7C}.Debug|Any CPU.ActiveCfg = Debug|Any CPU
		{A816C7A0-705C-413B-8AD9-BA761F5D4A7C}.Debug|Any CPU.Build.0 = Debug|Any CPU
		{A816C7A0-705C-413B-8AD9-BA761F5D4A7C}.Release|Any CPU.ActiveCfg = Release|Any CPU
		{A816C7A0-705C-413B-8AD9-BA761F5D4A7C}.Release|Any CPU.Build.0 = Release|Any CPU
		{C1154F47-D49E-49C5-B28D-1CC5FFC5C16C}.Debug|Any CPU.ActiveCfg = Debug|Any CPU
		{C1154F47-D49E-49C5-B28D-1CC5FFC5C16C}.Debug|Any CPU.Build.0 = Debug|Any CPU
		{C1154F47-D49E-49C5-B28D-1CC5FFC5C16C}.Release|Any CPU.ActiveCfg = Release|Any CPU
		{C1154F47-D49E-49C5-B28D-1CC5FFC5C16C}.Release|Any CPU.Build.0 = Release|Any CPU
		{8D074E09-DE71-429E-B02A-542CA0548AFD}.Debug|Any CPU.ActiveCfg = Debug|Any CPU
		{8D074E09-DE71-429E-B02A-542CA0548AFD}.Debug|Any CPU.Build.0 = Debug|Any CPU
		{8D074E09-DE71-429E-B02A-542CA0548AFD}.Release|Any CPU.ActiveCfg = Release|Any CPU
		{8D074E09-DE71-429E-B02A-542CA0548AFD}.Release|Any CPU.Build.0 = Release|Any CPU
	EndGlobalSection
	GlobalSection(SolutionProperties) = preSolution
		HideSolutionNode = FALSE
	EndGlobalSection
	GlobalSection(ExtensibilityGlobals) = postSolution
		SolutionGuid = {5197769A-4919-413F-BD15-F49910957E23}
	EndGlobalSection
EndGlobal
