
Microsoft Visual Studio Solution File, Format Version 12.00
# Visual Studio Version 16
VisualStudioVersion = 16.0.29424.173
MinimumVisualStudioVersion = 10.0.40219.1
Project("{FAE04EC0-301F-11D3-BF4B-00C04F79EFBC}") = "Abide.AddOnApi", "Abide.AddOnApi\Abide.AddOnApi.csproj", "{AB0B3A93-6A5B-46AC-8C20-DB7B92B221CE}"
EndProject
Project("{FAE04EC0-301F-11D3-BF4B-00C04F79EFBC}") = "Abide.AddOnApi.Test", "Abide.AddOnApi.Test\Abide.AddOnApi.Test.csproj", "{313F4874-8DE9-4CAF-ACDF-93659B0A2761}"
EndProject
Project("{FAE04EC0-301F-11D3-BF4B-00C04F79EFBC}") = "YeloDebug", "YeloDebug\YeloDebug.csproj", "{F5DB1C08-E8A7-4618-9E0E-0CC225597C75}"
EndProject
Project("{FAE04EC0-301F-11D3-BF4B-00C04F79EFBC}") = "Abide.HaloLibrary", "Abide.HaloLibrary\Abide.HaloLibrary.csproj", "{F447C5AB-04D5-4771-8CBE-06DAF3B51BDF}"
EndProject
Project("{2150E333-8FDC-42A3-9474-1A3956D46DE8}") = "CSharp", "CSharp", "{7FF807FA-6E3E-42A5-B228-0D487D49C276}"
EndProject
Project("{2150E333-8FDC-42A3-9474-1A3956D46DE8}") = "VisualBasic", "VisualBasic", "{FBF88D22-FA79-42DE-8C8D-995EE579F228}"
EndProject
Project("{FAE04EC0-301F-11D3-BF4B-00C04F79EFBC}") = "Abide AddOn Project Template", "CSharp Templates\Abide AddOn Project Template\Abide AddOn Project Template.csproj", "{6877C744-619F-4B48-888C-59A7F281B5F1}"
EndProject
Project("{FAE04EC0-301F-11D3-BF4B-00C04F79EFBC}") = "AddOn Items Templates", "CSharp Templates\AddOn Items Templates\AddOn Items Templates.csproj", "{22EE58D5-FAF9-4D5A-9C54-E77628EC1E70}"
EndProject
Project("{F184B08F-C81C-45F6-A57F-5ABD9991F28F}") = "Abide AddOn Project Template", "VisualBasic Templates\Abide AddOn Project Template\Abide AddOn Project Template.vbproj", "{181448A8-D11D-463B-86DA-48B1FAA0F0D6}"
EndProject
Project("{F184B08F-C81C-45F6-A57F-5ABD9991F28F}") = "AddOn Items Templates", "VisualBasic Templates\AddOn Items Templates\AddOn Items Templates.vbproj", "{855CE692-3009-475D-AD72-FFB30F368365}"
EndProject
Project("{FAE04EC0-301F-11D3-BF4B-00C04F79EFBC}") = "Abide.AddOnApi.AddOnTest", "Abide.AddOnApi.AddOnTest\Abide.AddOnApi.AddOnTest.csproj", "{B8835215-61B1-4E18-8B94-A5848FF2D7D1}"
EndProject
Project("{FAE04EC0-301F-11D3-BF4B-00C04F79EFBC}") = "Abide.HaloLibrary.Test", "Abide.HaloLibrary.Test\Abide.HaloLibrary.Test.csproj", "{F6405127-4600-42C8-8DEB-B7849426CB58}"
EndProject
Global
	GlobalSection(SolutionConfigurationPlatforms) = preSolution
		Debug|Any CPU = Debug|Any CPU
		Debug|x64 = Debug|x64
		Debug|x86 = Debug|x86
		Release|Any CPU = Release|Any CPU
		Release|x64 = Release|x64
		Release|x86 = Release|x86
	EndGlobalSection
	GlobalSection(ProjectConfigurationPlatforms) = postSolution
		{AB0B3A93-6A5B-46AC-8C20-DB7B92B221CE}.Debug|Any CPU.ActiveCfg = Debug|Any CPU
		{AB0B3A93-6A5B-46AC-8C20-DB7B92B221CE}.Debug|Any CPU.Build.0 = Debug|Any CPU
		{AB0B3A93-6A5B-46AC-8C20-DB7B92B221CE}.Debug|x64.ActiveCfg = Debug|Any CPU
		{AB0B3A93-6A5B-46AC-8C20-DB7B92B221CE}.Debug|x64.Build.0 = Debug|Any CPU
		{AB0B3A93-6A5B-46AC-8C20-DB7B92B221CE}.Debug|x86.ActiveCfg = Debug|Any CPU
		{AB0B3A93-6A5B-46AC-8C20-DB7B92B221CE}.Debug|x86.Build.0 = Debug|Any CPU
		{AB0B3A93-6A5B-46AC-8C20-DB7B92B221CE}.Release|Any CPU.ActiveCfg = Release|Any CPU
		{AB0B3A93-6A5B-46AC-8C20-DB7B92B221CE}.Release|Any CPU.Build.0 = Release|Any CPU
		{AB0B3A93-6A5B-46AC-8C20-DB7B92B221CE}.Release|x64.ActiveCfg = Release|Any CPU
		{AB0B3A93-6A5B-46AC-8C20-DB7B92B221CE}.Release|x64.Build.0 = Release|Any CPU
		{AB0B3A93-6A5B-46AC-8C20-DB7B92B221CE}.Release|x86.ActiveCfg = Release|Any CPU
		{AB0B3A93-6A5B-46AC-8C20-DB7B92B221CE}.Release|x86.Build.0 = Release|Any CPU
		{313F4874-8DE9-4CAF-ACDF-93659B0A2761}.Debug|Any CPU.ActiveCfg = Debug|Any CPU
		{313F4874-8DE9-4CAF-ACDF-93659B0A2761}.Debug|Any CPU.Build.0 = Debug|Any CPU
		{313F4874-8DE9-4CAF-ACDF-93659B0A2761}.Debug|x64.ActiveCfg = Debug|Any CPU
		{313F4874-8DE9-4CAF-ACDF-93659B0A2761}.Debug|x64.Build.0 = Debug|Any CPU
		{313F4874-8DE9-4CAF-ACDF-93659B0A2761}.Debug|x86.ActiveCfg = Debug|Any CPU
		{313F4874-8DE9-4CAF-ACDF-93659B0A2761}.Debug|x86.Build.0 = Debug|Any CPU
		{313F4874-8DE9-4CAF-ACDF-93659B0A2761}.Release|Any CPU.ActiveCfg = Release|Any CPU
		{313F4874-8DE9-4CAF-ACDF-93659B0A2761}.Release|Any CPU.Build.0 = Release|Any CPU
		{313F4874-8DE9-4CAF-ACDF-93659B0A2761}.Release|x64.ActiveCfg = Release|Any CPU
		{313F4874-8DE9-4CAF-ACDF-93659B0A2761}.Release|x64.Build.0 = Release|Any CPU
		{313F4874-8DE9-4CAF-ACDF-93659B0A2761}.Release|x86.ActiveCfg = Release|Any CPU
		{313F4874-8DE9-4CAF-ACDF-93659B0A2761}.Release|x86.Build.0 = Release|Any CPU
		{F5DB1C08-E8A7-4618-9E0E-0CC225597C75}.Debug|Any CPU.ActiveCfg = Debug|Any CPU
		{F5DB1C08-E8A7-4618-9E0E-0CC225597C75}.Debug|Any CPU.Build.0 = Debug|Any CPU
		{F5DB1C08-E8A7-4618-9E0E-0CC225597C75}.Debug|x64.ActiveCfg = Debug|Any CPU
		{F5DB1C08-E8A7-4618-9E0E-0CC225597C75}.Debug|x64.Build.0 = Debug|Any CPU
		{F5DB1C08-E8A7-4618-9E0E-0CC225597C75}.Debug|x86.ActiveCfg = Debug|Any CPU
		{F5DB1C08-E8A7-4618-9E0E-0CC225597C75}.Debug|x86.Build.0 = Debug|Any CPU
		{F5DB1C08-E8A7-4618-9E0E-0CC225597C75}.Release|Any CPU.ActiveCfg = Release|Any CPU
		{F5DB1C08-E8A7-4618-9E0E-0CC225597C75}.Release|Any CPU.Build.0 = Release|Any CPU
		{F5DB1C08-E8A7-4618-9E0E-0CC225597C75}.Release|x64.ActiveCfg = Release|Any CPU
		{F5DB1C08-E8A7-4618-9E0E-0CC225597C75}.Release|x64.Build.0 = Release|Any CPU
		{F5DB1C08-E8A7-4618-9E0E-0CC225597C75}.Release|x86.ActiveCfg = Release|Any CPU
		{F5DB1C08-E8A7-4618-9E0E-0CC225597C75}.Release|x86.Build.0 = Release|Any CPU
		{F447C5AB-04D5-4771-8CBE-06DAF3B51BDF}.Debug|Any CPU.ActiveCfg = Debug|Any CPU
		{F447C5AB-04D5-4771-8CBE-06DAF3B51BDF}.Debug|Any CPU.Build.0 = Debug|Any CPU
		{F447C5AB-04D5-4771-8CBE-06DAF3B51BDF}.Debug|x64.ActiveCfg = Debug|x64
		{F447C5AB-04D5-4771-8CBE-06DAF3B51BDF}.Debug|x64.Build.0 = Debug|x64
		{F447C5AB-04D5-4771-8CBE-06DAF3B51BDF}.Debug|x86.ActiveCfg = Debug|x86
		{F447C5AB-04D5-4771-8CBE-06DAF3B51BDF}.Debug|x86.Build.0 = Debug|x86
		{F447C5AB-04D5-4771-8CBE-06DAF3B51BDF}.Release|Any CPU.ActiveCfg = Release|Any CPU
		{F447C5AB-04D5-4771-8CBE-06DAF3B51BDF}.Release|Any CPU.Build.0 = Release|Any CPU
		{F447C5AB-04D5-4771-8CBE-06DAF3B51BDF}.Release|x64.ActiveCfg = Release|x64
		{F447C5AB-04D5-4771-8CBE-06DAF3B51BDF}.Release|x64.Build.0 = Release|x64
		{F447C5AB-04D5-4771-8CBE-06DAF3B51BDF}.Release|x86.ActiveCfg = Release|x86
		{F447C5AB-04D5-4771-8CBE-06DAF3B51BDF}.Release|x86.Build.0 = Release|x86
		{6877C744-619F-4B48-888C-59A7F281B5F1}.Debug|Any CPU.ActiveCfg = Debug|Any CPU
		{6877C744-619F-4B48-888C-59A7F281B5F1}.Debug|Any CPU.Build.0 = Debug|Any CPU
		{6877C744-619F-4B48-888C-59A7F281B5F1}.Debug|x64.ActiveCfg = Debug|Any CPU
		{6877C744-619F-4B48-888C-59A7F281B5F1}.Debug|x64.Build.0 = Debug|Any CPU
		{6877C744-619F-4B48-888C-59A7F281B5F1}.Debug|x86.ActiveCfg = Debug|Any CPU
		{6877C744-619F-4B48-888C-59A7F281B5F1}.Debug|x86.Build.0 = Debug|Any CPU
		{6877C744-619F-4B48-888C-59A7F281B5F1}.Release|Any CPU.ActiveCfg = Release|Any CPU
		{6877C744-619F-4B48-888C-59A7F281B5F1}.Release|Any CPU.Build.0 = Release|Any CPU
		{6877C744-619F-4B48-888C-59A7F281B5F1}.Release|x64.ActiveCfg = Release|Any CPU
		{6877C744-619F-4B48-888C-59A7F281B5F1}.Release|x64.Build.0 = Release|Any CPU
		{6877C744-619F-4B48-888C-59A7F281B5F1}.Release|x86.ActiveCfg = Release|Any CPU
		{6877C744-619F-4B48-888C-59A7F281B5F1}.Release|x86.Build.0 = Release|Any CPU
		{22EE58D5-FAF9-4D5A-9C54-E77628EC1E70}.Debug|Any CPU.ActiveCfg = Debug|Any CPU
		{22EE58D5-FAF9-4D5A-9C54-E77628EC1E70}.Debug|Any CPU.Build.0 = Debug|Any CPU
		{22EE58D5-FAF9-4D5A-9C54-E77628EC1E70}.Debug|x64.ActiveCfg = Debug|Any CPU
		{22EE58D5-FAF9-4D5A-9C54-E77628EC1E70}.Debug|x64.Build.0 = Debug|Any CPU
		{22EE58D5-FAF9-4D5A-9C54-E77628EC1E70}.Debug|x86.ActiveCfg = Debug|Any CPU
		{22EE58D5-FAF9-4D5A-9C54-E77628EC1E70}.Debug|x86.Build.0 = Debug|Any CPU
		{22EE58D5-FAF9-4D5A-9C54-E77628EC1E70}.Release|Any CPU.ActiveCfg = Release|Any CPU
		{22EE58D5-FAF9-4D5A-9C54-E77628EC1E70}.Release|Any CPU.Build.0 = Release|Any CPU
		{22EE58D5-FAF9-4D5A-9C54-E77628EC1E70}.Release|x64.ActiveCfg = Release|Any CPU
		{22EE58D5-FAF9-4D5A-9C54-E77628EC1E70}.Release|x64.Build.0 = Release|Any CPU
		{22EE58D5-FAF9-4D5A-9C54-E77628EC1E70}.Release|x86.ActiveCfg = Release|Any CPU
		{22EE58D5-FAF9-4D5A-9C54-E77628EC1E70}.Release|x86.Build.0 = Release|Any CPU
		{181448A8-D11D-463B-86DA-48B1FAA0F0D6}.Debug|Any CPU.ActiveCfg = Debug|Any CPU
		{181448A8-D11D-463B-86DA-48B1FAA0F0D6}.Debug|Any CPU.Build.0 = Debug|Any CPU
		{181448A8-D11D-463B-86DA-48B1FAA0F0D6}.Debug|x64.ActiveCfg = Debug|Any CPU
		{181448A8-D11D-463B-86DA-48B1FAA0F0D6}.Debug|x64.Build.0 = Debug|Any CPU
		{181448A8-D11D-463B-86DA-48B1FAA0F0D6}.Debug|x86.ActiveCfg = Debug|Any CPU
		{181448A8-D11D-463B-86DA-48B1FAA0F0D6}.Debug|x86.Build.0 = Debug|Any CPU
		{181448A8-D11D-463B-86DA-48B1FAA0F0D6}.Release|Any CPU.ActiveCfg = Release|Any CPU
		{181448A8-D11D-463B-86DA-48B1FAA0F0D6}.Release|Any CPU.Build.0 = Release|Any CPU
		{181448A8-D11D-463B-86DA-48B1FAA0F0D6}.Release|x64.ActiveCfg = Release|Any CPU
		{181448A8-D11D-463B-86DA-48B1FAA0F0D6}.Release|x64.Build.0 = Release|Any CPU
		{181448A8-D11D-463B-86DA-48B1FAA0F0D6}.Release|x86.ActiveCfg = Release|Any CPU
		{181448A8-D11D-463B-86DA-48B1FAA0F0D6}.Release|x86.Build.0 = Release|Any CPU
		{855CE692-3009-475D-AD72-FFB30F368365}.Debug|Any CPU.ActiveCfg = Debug|Any CPU
		{855CE692-3009-475D-AD72-FFB30F368365}.Debug|Any CPU.Build.0 = Debug|Any CPU
		{855CE692-3009-475D-AD72-FFB30F368365}.Debug|x64.ActiveCfg = Debug|Any CPU
		{855CE692-3009-475D-AD72-FFB30F368365}.Debug|x64.Build.0 = Debug|Any CPU
		{855CE692-3009-475D-AD72-FFB30F368365}.Debug|x86.ActiveCfg = Debug|Any CPU
		{855CE692-3009-475D-AD72-FFB30F368365}.Debug|x86.Build.0 = Debug|Any CPU
		{855CE692-3009-475D-AD72-FFB30F368365}.Release|Any CPU.ActiveCfg = Release|Any CPU
		{855CE692-3009-475D-AD72-FFB30F368365}.Release|Any CPU.Build.0 = Release|Any CPU
		{855CE692-3009-475D-AD72-FFB30F368365}.Release|x64.ActiveCfg = Release|Any CPU
		{855CE692-3009-475D-AD72-FFB30F368365}.Release|x64.Build.0 = Release|Any CPU
		{855CE692-3009-475D-AD72-FFB30F368365}.Release|x86.ActiveCfg = Release|Any CPU
		{855CE692-3009-475D-AD72-FFB30F368365}.Release|x86.Build.0 = Release|Any CPU
		{B8835215-61B1-4E18-8B94-A5848FF2D7D1}.Debug|Any CPU.ActiveCfg = Debug|Any CPU
		{B8835215-61B1-4E18-8B94-A5848FF2D7D1}.Debug|Any CPU.Build.0 = Debug|Any CPU
		{B8835215-61B1-4E18-8B94-A5848FF2D7D1}.Debug|x64.ActiveCfg = Debug|Any CPU
		{B8835215-61B1-4E18-8B94-A5848FF2D7D1}.Debug|x64.Build.0 = Debug|Any CPU
		{B8835215-61B1-4E18-8B94-A5848FF2D7D1}.Debug|x86.ActiveCfg = Debug|Any CPU
		{B8835215-61B1-4E18-8B94-A5848FF2D7D1}.Debug|x86.Build.0 = Debug|Any CPU
		{B8835215-61B1-4E18-8B94-A5848FF2D7D1}.Release|Any CPU.ActiveCfg = Release|Any CPU
		{B8835215-61B1-4E18-8B94-A5848FF2D7D1}.Release|Any CPU.Build.0 = Release|Any CPU
		{B8835215-61B1-4E18-8B94-A5848FF2D7D1}.Release|x64.ActiveCfg = Release|Any CPU
		{B8835215-61B1-4E18-8B94-A5848FF2D7D1}.Release|x64.Build.0 = Release|Any CPU
		{B8835215-61B1-4E18-8B94-A5848FF2D7D1}.Release|x86.ActiveCfg = Release|Any CPU
		{B8835215-61B1-4E18-8B94-A5848FF2D7D1}.Release|x86.Build.0 = Release|Any CPU
		{F6405127-4600-42C8-8DEB-B7849426CB58}.Debug|Any CPU.ActiveCfg = Debug|Any CPU
		{F6405127-4600-42C8-8DEB-B7849426CB58}.Debug|Any CPU.Build.0 = Debug|Any CPU
		{F6405127-4600-42C8-8DEB-B7849426CB58}.Debug|x64.ActiveCfg = Debug|Any CPU
		{F6405127-4600-42C8-8DEB-B7849426CB58}.Debug|x64.Build.0 = Debug|Any CPU
		{F6405127-4600-42C8-8DEB-B7849426CB58}.Debug|x86.ActiveCfg = Debug|Any CPU
		{F6405127-4600-42C8-8DEB-B7849426CB58}.Debug|x86.Build.0 = Debug|Any CPU
		{F6405127-4600-42C8-8DEB-B7849426CB58}.Release|Any CPU.ActiveCfg = Release|Any CPU
		{F6405127-4600-42C8-8DEB-B7849426CB58}.Release|Any CPU.Build.0 = Release|Any CPU
		{F6405127-4600-42C8-8DEB-B7849426CB58}.Release|x64.ActiveCfg = Release|Any CPU
		{F6405127-4600-42C8-8DEB-B7849426CB58}.Release|x64.Build.0 = Release|Any CPU
		{F6405127-4600-42C8-8DEB-B7849426CB58}.Release|x86.ActiveCfg = Release|Any CPU
		{F6405127-4600-42C8-8DEB-B7849426CB58}.Release|x86.Build.0 = Release|Any CPU
	EndGlobalSection
	GlobalSection(SolutionProperties) = preSolution
		HideSolutionNode = FALSE
	EndGlobalSection
	GlobalSection(NestedProjects) = preSolution
		{6877C744-619F-4B48-888C-59A7F281B5F1} = {7FF807FA-6E3E-42A5-B228-0D487D49C276}
		{22EE58D5-FAF9-4D5A-9C54-E77628EC1E70} = {7FF807FA-6E3E-42A5-B228-0D487D49C276}
		{181448A8-D11D-463B-86DA-48B1FAA0F0D6} = {FBF88D22-FA79-42DE-8C8D-995EE579F228}
		{855CE692-3009-475D-AD72-FFB30F368365} = {FBF88D22-FA79-42DE-8C8D-995EE579F228}
	EndGlobalSection
	GlobalSection(ExtensibilityGlobals) = postSolution
		SolutionGuid = {1D17C94C-4E0E-4148-B941-CD11C685562C}
	EndGlobalSection
EndGlobal
