
Microsoft Visual Studio Solution File, Format Version 12.00
# Visual Studio 15
VisualStudioVersion = 15.0.27130.2024
MinimumVisualStudioVersion = 10.0.40219.1
Project("{FAE04EC0-301F-11D3-BF4B-00C04F79EFBC}") = "Abide Builder", "Abide Builder\Abide Builder.csproj", "{1A031FB1-09CD-430D-8C87-23929A95F1B8}"
EndProject
Project("{FAE04EC0-301F-11D3-BF4B-00C04F79EFBC}") = "YeloDebug", "..\..\Abide Halo Library\YeloDebug\YeloDebug.csproj", "{F5DB1C08-E8A7-4618-9E0E-0CC225597C75}"
EndProject
Project("{FAE04EC0-301F-11D3-BF4B-00C04F79EFBC}") = "Abide.HaloLibrary", "..\..\Abide Halo Library\Abide.HaloLibrary\Abide.HaloLibrary.csproj", "{F447C5AB-04D5-4771-8CBE-06DAF3B51BDF}"
EndProject
Project("{FAE04EC0-301F-11D3-BF4B-00C04F79EFBC}") = "Abide.AddOnApi", "..\..\Abide Halo Library\Abide.AddOnApi\Abide.AddOnApi.csproj", "{AB0B3A93-6A5B-46AC-8C20-DB7B92B221CE}"
EndProject
Project("{FAE04EC0-301F-11D3-BF4B-00C04F79EFBC}") = "Abide.Ifp", "..\..\Abide.Ifp\Abide.Ifp\Abide.Ifp.csproj", "{55B8FBAD-8570-4371-BA33-62E85351DB66}"
EndProject
Project("{FAE04EC0-301F-11D3-BF4B-00C04F79EFBC}") = "Abide.Guerilla", "..\..\Abide.Guerilla\Abide.Guerilla\Abide.Guerilla.csproj", "{4D71745A-3ECE-4E31-9B90-FAF0CC4185C2}"
EndProject
Project("{FAE04EC0-301F-11D3-BF4B-00C04F79EFBC}") = "Abide.HaloLibrary.Builder", "Abide.HaloLibrary.Builder\Abide.HaloLibrary.Builder.csproj", "{163A067A-CCCD-42F3-817C-F19BAA4235D1}"
EndProject
Project("{FAE04EC0-301F-11D3-BF4B-00C04F79EFBC}") = "Abide.HaloLibrary.Builder.Test", "Abide.HaloLibrary.Builder.Test\Abide.HaloLibrary.Builder.Test.csproj", "{051386A1-BA2C-4ABD-9B64-7A022CF61393}"
EndProject
Global
	GlobalSection(SolutionConfigurationPlatforms) = preSolution
		Debug|Any CPU = Debug|Any CPU
		Release|Any CPU = Release|Any CPU
	EndGlobalSection
	GlobalSection(ProjectConfigurationPlatforms) = postSolution
		{1A031FB1-09CD-430D-8C87-23929A95F1B8}.Debug|Any CPU.ActiveCfg = Debug|Any CPU
		{1A031FB1-09CD-430D-8C87-23929A95F1B8}.Debug|Any CPU.Build.0 = Debug|Any CPU
		{1A031FB1-09CD-430D-8C87-23929A95F1B8}.Release|Any CPU.ActiveCfg = Release|Any CPU
		{1A031FB1-09CD-430D-8C87-23929A95F1B8}.Release|Any CPU.Build.0 = Release|Any CPU
		{F5DB1C08-E8A7-4618-9E0E-0CC225597C75}.Debug|Any CPU.ActiveCfg = Debug|Any CPU
		{F5DB1C08-E8A7-4618-9E0E-0CC225597C75}.Debug|Any CPU.Build.0 = Debug|Any CPU
		{F5DB1C08-E8A7-4618-9E0E-0CC225597C75}.Release|Any CPU.ActiveCfg = Release|Any CPU
		{F5DB1C08-E8A7-4618-9E0E-0CC225597C75}.Release|Any CPU.Build.0 = Release|Any CPU
		{F447C5AB-04D5-4771-8CBE-06DAF3B51BDF}.Debug|Any CPU.ActiveCfg = Debug|Any CPU
		{F447C5AB-04D5-4771-8CBE-06DAF3B51BDF}.Debug|Any CPU.Build.0 = Debug|Any CPU
		{F447C5AB-04D5-4771-8CBE-06DAF3B51BDF}.Release|Any CPU.ActiveCfg = Release|Any CPU
		{F447C5AB-04D5-4771-8CBE-06DAF3B51BDF}.Release|Any CPU.Build.0 = Release|Any CPU
		{AB0B3A93-6A5B-46AC-8C20-DB7B92B221CE}.Debug|Any CPU.ActiveCfg = Debug|Any CPU
		{AB0B3A93-6A5B-46AC-8C20-DB7B92B221CE}.Debug|Any CPU.Build.0 = Debug|Any CPU
		{AB0B3A93-6A5B-46AC-8C20-DB7B92B221CE}.Release|Any CPU.ActiveCfg = Release|Any CPU
		{AB0B3A93-6A5B-46AC-8C20-DB7B92B221CE}.Release|Any CPU.Build.0 = Release|Any CPU
		{55B8FBAD-8570-4371-BA33-62E85351DB66}.Debug|Any CPU.ActiveCfg = Debug|Any CPU
		{55B8FBAD-8570-4371-BA33-62E85351DB66}.Debug|Any CPU.Build.0 = Debug|Any CPU
		{55B8FBAD-8570-4371-BA33-62E85351DB66}.Release|Any CPU.ActiveCfg = Release|Any CPU
		{55B8FBAD-8570-4371-BA33-62E85351DB66}.Release|Any CPU.Build.0 = Release|Any CPU
		{4D71745A-3ECE-4E31-9B90-FAF0CC4185C2}.Debug|Any CPU.ActiveCfg = Debug|Any CPU
		{4D71745A-3ECE-4E31-9B90-FAF0CC4185C2}.Debug|Any CPU.Build.0 = Debug|Any CPU
		{4D71745A-3ECE-4E31-9B90-FAF0CC4185C2}.Release|Any CPU.ActiveCfg = Release|Any CPU
		{4D71745A-3ECE-4E31-9B90-FAF0CC4185C2}.Release|Any CPU.Build.0 = Release|Any CPU
		{163A067A-CCCD-42F3-817C-F19BAA4235D1}.Debug|Any CPU.ActiveCfg = Debug|Any CPU
		{163A067A-CCCD-42F3-817C-F19BAA4235D1}.Debug|Any CPU.Build.0 = Debug|Any CPU
		{163A067A-CCCD-42F3-817C-F19BAA4235D1}.Release|Any CPU.ActiveCfg = Release|Any CPU
		{163A067A-CCCD-42F3-817C-F19BAA4235D1}.Release|Any CPU.Build.0 = Release|Any CPU
		{051386A1-BA2C-4ABD-9B64-7A022CF61393}.Debug|Any CPU.ActiveCfg = Debug|Any CPU
		{051386A1-BA2C-4ABD-9B64-7A022CF61393}.Debug|Any CPU.Build.0 = Debug|Any CPU
		{051386A1-BA2C-4ABD-9B64-7A022CF61393}.Release|Any CPU.ActiveCfg = Release|Any CPU
		{051386A1-BA2C-4ABD-9B64-7A022CF61393}.Release|Any CPU.Build.0 = Release|Any CPU
	EndGlobalSection
	GlobalSection(SolutionProperties) = preSolution
		HideSolutionNode = FALSE
	EndGlobalSection
	GlobalSection(ExtensibilityGlobals) = postSolution
		SolutionGuid = {421C06B9-D0EF-4B0B-ACD3-2AB1EBABAE24}
	EndGlobalSection
EndGlobal
