
Microsoft Visual Studio Solution File, Format Version 12.00
# Visual Studio 14
VisualStudioVersion = 14.0.25420.1
MinimumVisualStudioVersion = 10.0.40219.1
Project("{FAE04EC0-301F-11D3-BF4B-00C04F79EFBC}") = "YeloDebug", "..\..\Abide Halo Library\YeloDebug\YeloDebug.csproj", "{F5DB1C08-E8A7-4618-9E0E-0CC225597C75}"
EndProject
Project("{FAE04EC0-301F-11D3-BF4B-00C04F79EFBC}") = "Abide.HaloLibrary", "..\..\Abide Halo Library\Abide.HaloLibrary\Abide.HaloLibrary.csproj", "{F447C5AB-04D5-4771-8CBE-06DAF3B51BDF}"
EndProject
Project("{FAE04EC0-301F-11D3-BF4B-00C04F79EFBC}") = "Abide.AddOnApi", "..\..\Abide Halo Library\Abide.AddOnApi\Abide.AddOnApi.csproj", "{AB0B3A93-6A5B-46AC-8C20-DB7B92B221CE}"
EndProject
Project("{FAE04EC0-301F-11D3-BF4B-00C04F79EFBC}") = "Tag Data Editor", "Tag Data Editor\Tag Data Editor.csproj", "{AF8855AE-F48B-4EF1-ACF9-BBDFF28172AE}"
EndProject
Project("{FAE04EC0-301F-11D3-BF4B-00C04F79EFBC}") = "Abide.Ifp", "..\..\Abide.Ifp\Abide.Ifp\Abide.Ifp.csproj", "{55B8FBAD-8570-4371-BA33-62E85351DB66}"
EndProject
Global
	GlobalSection(SolutionConfigurationPlatforms) = preSolution
		Debug|Any CPU = Debug|Any CPU
		Release|Any CPU = Release|Any CPU
	EndGlobalSection
	GlobalSection(ProjectConfigurationPlatforms) = postSolution
		{F5DB1C08-E8A7-4618-9E0E-0CC225597C75}.Debug|Any CPU.ActiveCfg = Debug|Any CPU
		{F5DB1C08-E8A7-4618-9E0E-0CC225597C75}.Debug|Any CPU.Build.0 = Debug|Any CPU
		{F5DB1C08-E8A7-4618-9E0E-0CC225597C75}.Release|Any CPU.ActiveCfg = Release|Any CPU
		{F5DB1C08-E8A7-4618-9E0E-0CC225597C75}.Release|Any CPU.Build.0 = Release|Any CPU
		{F447C5AB-04D5-4771-8CBE-06DAF3B51BDF}.Debug|Any CPU.ActiveCfg = Debug|Any CPU
		{F447C5AB-04D5-4771-8CBE-06DAF3B51BDF}.Debug|Any CPU.Build.0 = Debug|Any CPU
		{F447C5AB-04D5-4771-8CBE-06DAF3B51BDF}.Release|Any CPU.ActiveCfg = Release|Any CPU
		{F447C5AB-04D5-4771-8CBE-06DAF3B51BDF}.Release|Any CPU.Build.0 = Release|Any CPU
		{AB0B3A93-6A5B-46AC-8C20-DB7B92B221CE}.Debug|Any CPU.ActiveCfg = Debug|Any CPU
		{AB0B3A93-6A5B-46AC-8C20-DB7B92B221CE}.Debug|Any CPU.Build.0 = Debug|Any CPU
		{AB0B3A93-6A5B-46AC-8C20-DB7B92B221CE}.Release|Any CPU.ActiveCfg = Release|Any CPU
		{AB0B3A93-6A5B-46AC-8C20-DB7B92B221CE}.Release|Any CPU.Build.0 = Release|Any CPU
		{AF8855AE-F48B-4EF1-ACF9-BBDFF28172AE}.Debug|Any CPU.ActiveCfg = Debug|Any CPU
		{AF8855AE-F48B-4EF1-ACF9-BBDFF28172AE}.Debug|Any CPU.Build.0 = Debug|Any CPU
		{AF8855AE-F48B-4EF1-ACF9-BBDFF28172AE}.Release|Any CPU.ActiveCfg = Release|Any CPU
		{AF8855AE-F48B-4EF1-ACF9-BBDFF28172AE}.Release|Any CPU.Build.0 = Release|Any CPU
		{55B8FBAD-8570-4371-BA33-62E85351DB66}.Debug|Any CPU.ActiveCfg = Debug|Any CPU
		{55B8FBAD-8570-4371-BA33-62E85351DB66}.Debug|Any CPU.Build.0 = Debug|Any CPU
		{55B8FBAD-8570-4371-BA33-62E85351DB66}.Release|Any CPU.ActiveCfg = Release|Any CPU
		{55B8FBAD-8570-4371-BA33-62E85351DB66}.Release|Any CPU.Build.0 = Release|Any CPU
	EndGlobalSection
	GlobalSection(SolutionProperties) = preSolution
		HideSolutionNode = FALSE
	EndGlobalSection
EndGlobal
