
Microsoft Visual Studio Solution File, Format Version 12.00
# Visual Studio Version 16
VisualStudioVersion = 16.0.29418.71
MinimumVisualStudioVersion = 10.0.40219.1
Project("{FAE04EC0-301F-11D3-BF4B-00C04F79EFBC}") = "Abide", "Abide\Abide.csproj", "{0FB77E3A-42F0-4304-8D04-59D947AF35C5}"
EndProject
Project("{FAE04EC0-301F-11D3-BF4B-00C04F79EFBC}") = "Abide.HaloLibrary", "..\Abide Halo Library\Abide.HaloLibrary\Abide.HaloLibrary.csproj", "{F447C5AB-04D5-4771-8CBE-06DAF3B51BDF}"
EndProject
Project("{FAE04EC0-301F-11D3-BF4B-00C04F79EFBC}") = "Abide.AddOnApi", "..\Abide Halo Library\Abide.AddOnApi\Abide.AddOnApi.csproj", "{AB0B3A93-6A5B-46AC-8C20-DB7B92B221CE}"
EndProject
Project("{FAE04EC0-301F-11D3-BF4B-00C04F79EFBC}") = "Abide.Updater", "Abide.Updater\Abide.Updater.csproj", "{36B24498-B071-4383-92C0-D80E4D0647CC}"
EndProject
Project("{54435603-DBB4-11D2-8724-00A0C9A8B90C}") = "Abide Setup", "Abide Setup\Abide Setup.vdproj", "{749620D5-471E-4645-B334-5336D50435F6}"
EndProject
Project("{FAE04EC0-301F-11D3-BF4B-00C04F79EFBC}") = "Abide.Ifp", "..\Abide.Ifp\Abide.Ifp\Abide.Ifp.csproj", "{55B8FBAD-8570-4371-BA33-62E85351DB66}"
EndProject
Project("{FAE04EC0-301F-11D3-BF4B-00C04F79EFBC}") = "Abide.DebugXbox", "..\Abide.DebugXbox\Abide.DebugXbox\Abide.DebugXbox.csproj", "{C7B4DF9C-D74C-4F1B-9083-5531BEA84B6D}"
EndProject
Project("{FAE04EC0-301F-11D3-BF4B-00C04F79EFBC}") = "YeloDebug", "..\Abide Halo Library\YeloDebug\YeloDebug.csproj", "{F5DB1C08-E8A7-4618-9E0E-0CC225597C75}"
EndProject
Project("{FAE04EC0-301F-11D3-BF4B-00C04F79EFBC}") = "Abide.Wpf", "Abide.Wpf\Abide.Wpf.csproj", "{8F1A4052-B7DB-4784-97C1-642B1D0C711D}"
EndProject
Project("{FAE04EC0-301F-11D3-BF4B-00C04F79EFBC}") = "Abide.AddOnApi.Wpf", "Abide.AddOnApi.Wpf\Abide.AddOnApi.Wpf.csproj", "{B3CC2B9A-FDD7-4CBF-A87D-E1732737226E}"
EndProject
Project("{FAE04EC0-301F-11D3-BF4B-00C04F79EFBC}") = "Abide.Wpf.Ui", "Abide.Wpf.Ui\Abide.Wpf.Ui.csproj", "{2F92E201-9C1A-441E-AE2D-894DEF96A8BA}"
EndProject
Project("{FAE04EC0-301F-11D3-BF4B-00C04F79EFBC}") = "Abide.Wpf.AddOnDemo", "Abide.Wpf.AddOnDemo\Abide.Wpf.AddOnDemo.csproj", "{B8389DD2-5FA7-40E2-9D22-92EBFCC1CE80}"
EndProject
Project("{FAE04EC0-301F-11D3-BF4B-00C04F79EFBC}") = "Abide.AddOnApi.Wpf.Test", "Abide.AddOnApi.Wpf.Test\Abide.AddOnApi.Wpf.Test.csproj", "{A3502856-B987-4957-84C1-4E8341BB31A1}"
EndProject
Global
	GlobalSection(SolutionConfigurationPlatforms) = preSolution
		Debug|Any CPU = Debug|Any CPU
		Release|Any CPU = Release|Any CPU
	EndGlobalSection
	GlobalSection(ProjectConfigurationPlatforms) = postSolution
		{0FB77E3A-42F0-4304-8D04-59D947AF35C5}.Debug|Any CPU.ActiveCfg = Debug|Any CPU
		{0FB77E3A-42F0-4304-8D04-59D947AF35C5}.Debug|Any CPU.Build.0 = Debug|Any CPU
		{0FB77E3A-42F0-4304-8D04-59D947AF35C5}.Release|Any CPU.ActiveCfg = Release|Any CPU
		{0FB77E3A-42F0-4304-8D04-59D947AF35C5}.Release|Any CPU.Build.0 = Release|Any CPU
		{F447C5AB-04D5-4771-8CBE-06DAF3B51BDF}.Debug|Any CPU.ActiveCfg = Debug|Any CPU
		{F447C5AB-04D5-4771-8CBE-06DAF3B51BDF}.Debug|Any CPU.Build.0 = Debug|Any CPU
		{F447C5AB-04D5-4771-8CBE-06DAF3B51BDF}.Release|Any CPU.ActiveCfg = Release|Any CPU
		{F447C5AB-04D5-4771-8CBE-06DAF3B51BDF}.Release|Any CPU.Build.0 = Release|Any CPU
		{AB0B3A93-6A5B-46AC-8C20-DB7B92B221CE}.Debug|Any CPU.ActiveCfg = Debug|Any CPU
		{AB0B3A93-6A5B-46AC-8C20-DB7B92B221CE}.Debug|Any CPU.Build.0 = Debug|Any CPU
		{AB0B3A93-6A5B-46AC-8C20-DB7B92B221CE}.Release|Any CPU.ActiveCfg = Release|Any CPU
		{AB0B3A93-6A5B-46AC-8C20-DB7B92B221CE}.Release|Any CPU.Build.0 = Release|Any CPU
		{36B24498-B071-4383-92C0-D80E4D0647CC}.Debug|Any CPU.ActiveCfg = Debug|Any CPU
		{36B24498-B071-4383-92C0-D80E4D0647CC}.Debug|Any CPU.Build.0 = Debug|Any CPU
		{36B24498-B071-4383-92C0-D80E4D0647CC}.Release|Any CPU.ActiveCfg = Release|Any CPU
		{36B24498-B071-4383-92C0-D80E4D0647CC}.Release|Any CPU.Build.0 = Release|Any CPU
		{749620D5-471E-4645-B334-5336D50435F6}.Debug|Any CPU.ActiveCfg = Debug
		{749620D5-471E-4645-B334-5336D50435F6}.Release|Any CPU.ActiveCfg = Release
		{55B8FBAD-8570-4371-BA33-62E85351DB66}.Debug|Any CPU.ActiveCfg = Debug|Any CPU
		{55B8FBAD-8570-4371-BA33-62E85351DB66}.Debug|Any CPU.Build.0 = Debug|Any CPU
		{55B8FBAD-8570-4371-BA33-62E85351DB66}.Release|Any CPU.ActiveCfg = Release|Any CPU
		{55B8FBAD-8570-4371-BA33-62E85351DB66}.Release|Any CPU.Build.0 = Release|Any CPU
		{C7B4DF9C-D74C-4F1B-9083-5531BEA84B6D}.Debug|Any CPU.ActiveCfg = Debug|Any CPU
		{C7B4DF9C-D74C-4F1B-9083-5531BEA84B6D}.Debug|Any CPU.Build.0 = Debug|Any CPU
		{C7B4DF9C-D74C-4F1B-9083-5531BEA84B6D}.Release|Any CPU.ActiveCfg = Release|Any CPU
		{C7B4DF9C-D74C-4F1B-9083-5531BEA84B6D}.Release|Any CPU.Build.0 = Release|Any CPU
		{F5DB1C08-E8A7-4618-9E0E-0CC225597C75}.Debug|Any CPU.ActiveCfg = Debug|Any CPU
		{F5DB1C08-E8A7-4618-9E0E-0CC225597C75}.Debug|Any CPU.Build.0 = Debug|Any CPU
		{F5DB1C08-E8A7-4618-9E0E-0CC225597C75}.Release|Any CPU.ActiveCfg = Release|Any CPU
		{F5DB1C08-E8A7-4618-9E0E-0CC225597C75}.Release|Any CPU.Build.0 = Release|Any CPU
		{8F1A4052-B7DB-4784-97C1-642B1D0C711D}.Debug|Any CPU.ActiveCfg = Debug|Any CPU
		{8F1A4052-B7DB-4784-97C1-642B1D0C711D}.Debug|Any CPU.Build.0 = Debug|Any CPU
		{8F1A4052-B7DB-4784-97C1-642B1D0C711D}.Release|Any CPU.ActiveCfg = Release|Any CPU
		{8F1A4052-B7DB-4784-97C1-642B1D0C711D}.Release|Any CPU.Build.0 = Release|Any CPU
		{B3CC2B9A-FDD7-4CBF-A87D-E1732737226E}.Debug|Any CPU.ActiveCfg = Debug|Any CPU
		{B3CC2B9A-FDD7-4CBF-A87D-E1732737226E}.Debug|Any CPU.Build.0 = Debug|Any CPU
		{B3CC2B9A-FDD7-4CBF-A87D-E1732737226E}.Release|Any CPU.ActiveCfg = Release|Any CPU
		{B3CC2B9A-FDD7-4CBF-A87D-E1732737226E}.Release|Any CPU.Build.0 = Release|Any CPU
		{2F92E201-9C1A-441E-AE2D-894DEF96A8BA}.Debug|Any CPU.ActiveCfg = Debug|Any CPU
		{2F92E201-9C1A-441E-AE2D-894DEF96A8BA}.Debug|Any CPU.Build.0 = Debug|Any CPU
		{2F92E201-9C1A-441E-AE2D-894DEF96A8BA}.Release|Any CPU.ActiveCfg = Release|Any CPU
		{2F92E201-9C1A-441E-AE2D-894DEF96A8BA}.Release|Any CPU.Build.0 = Release|Any CPU
		{B8389DD2-5FA7-40E2-9D22-92EBFCC1CE80}.Debug|Any CPU.ActiveCfg = Debug|Any CPU
		{B8389DD2-5FA7-40E2-9D22-92EBFCC1CE80}.Debug|Any CPU.Build.0 = Debug|Any CPU
		{B8389DD2-5FA7-40E2-9D22-92EBFCC1CE80}.Release|Any CPU.ActiveCfg = Release|Any CPU
		{B8389DD2-5FA7-40E2-9D22-92EBFCC1CE80}.Release|Any CPU.Build.0 = Release|Any CPU
		{A3502856-B987-4957-84C1-4E8341BB31A1}.Debug|Any CPU.ActiveCfg = Debug|Any CPU
		{A3502856-B987-4957-84C1-4E8341BB31A1}.Debug|Any CPU.Build.0 = Debug|Any CPU
		{A3502856-B987-4957-84C1-4E8341BB31A1}.Release|Any CPU.ActiveCfg = Release|Any CPU
		{A3502856-B987-4957-84C1-4E8341BB31A1}.Release|Any CPU.Build.0 = Release|Any CPU
	EndGlobalSection
	GlobalSection(SolutionProperties) = preSolution
		HideSolutionNode = FALSE
	EndGlobalSection
	GlobalSection(ExtensibilityGlobals) = postSolution
		SolutionGuid = {9637AC15-07F1-48B8-8A4C-95A15E4754F9}
	EndGlobalSection
EndGlobal
