
Microsoft Visual Studio Solution File, Format Version 12.00
# Visual Studio Version 16
VisualStudioVersion = 16.0.30128.74
MinimumVisualStudioVersion = 10.0.40219.1
Project("{FAE04EC0-301F-11D3-BF4B-00C04F79EFBC}") = "Abide.HaloLibrary", "..\Abide Halo Library\Abide.HaloLibrary\Abide.HaloLibrary.csproj", "{F447C5AB-04D5-4771-8CBE-06DAF3B51BDF}"
EndProject
Project("{FAE04EC0-301F-11D3-BF4B-00C04F79EFBC}") = "Abide.Analyzer", "Abide.Analyzer\Abide.Analyzer.csproj", "{BD319A01-BCC0-4443-B3A0-5D95B2EF20E5}"
EndProject
Global
	GlobalSection(SolutionConfigurationPlatforms) = preSolution
		Debug|Any CPU = Debug|Any CPU
		Release|Any CPU = Release|Any CPU
	EndGlobalSection
	GlobalSection(ProjectConfigurationPlatforms) = postSolution
		{F447C5AB-04D5-4771-8CBE-06DAF3B51BDF}.Debug|Any CPU.ActiveCfg = Debug|Any CPU
		{F447C5AB-04D5-4771-8CBE-06DAF3B51BDF}.Debug|Any CPU.Build.0 = Debug|Any CPU
		{F447C5AB-04D5-4771-8CBE-06DAF3B51BDF}.Release|Any CPU.ActiveCfg = Release|Any CPU
		{F447C5AB-04D5-4771-8CBE-06DAF3B51BDF}.Release|Any CPU.Build.0 = Release|Any CPU
		{BD319A01-BCC0-4443-B3A0-5D95B2EF20E5}.Debug|Any CPU.ActiveCfg = Debug|Any CPU
		{BD319A01-BCC0-4443-B3A0-5D95B2EF20E5}.Debug|Any CPU.Build.0 = Debug|Any CPU
		{BD319A01-BCC0-4443-B3A0-5D95B2EF20E5}.Release|Any CPU.ActiveCfg = Release|Any CPU
		{BD319A01-BCC0-4443-B3A0-5D95B2EF20E5}.Release|Any CPU.Build.0 = Release|Any CPU
	EndGlobalSection
	GlobalSection(SolutionProperties) = preSolution
		HideSolutionNode = FALSE
	EndGlobalSection
	GlobalSection(ExtensibilityGlobals) = postSolution
		SolutionGuid = {CB33489B-C3EF-4A18-97CB-10D832AD2F18}
	EndGlobalSection
EndGlobal
