
Microsoft Visual Studio Solution File, Format Version 12.00
# Visual Studio 15
VisualStudioVersion = 15.0.27703.2000
MinimumVisualStudioVersion = 10.0.40219.1
Project("{FAE04EC0-301F-11D3-BF4B-00C04F79EFBC}") = "PotentialSoftware.ModelLibrary.Test", "PotentialSoftware.ModelLibrary.Test\PotentialSoftware.ModelLibrary.Test.csproj", "{F41823B0-2865-4227-9838-76CF374D6DD0}"
EndProject
Project("{FAE04EC0-301F-11D3-BF4B-00C04F79EFBC}") = "PotentialSoftware.ModelLibrary", "PotentialSoftware.ModelLibrary\PotentialSoftware.ModelLibrary.csproj", "{5D6A7151-3941-415B-9AAC-A14E5BF7B4EF}"
EndProject
Global
	GlobalSection(SolutionConfigurationPlatforms) = preSolution
		Debug|Any CPU = Debug|Any CPU
		Release|Any CPU = Release|Any CPU
	EndGlobalSection
	GlobalSection(ProjectConfigurationPlatforms) = postSolution
		{F41823B0-2865-4227-9838-76CF374D6DD0}.Debug|Any CPU.ActiveCfg = Debug|Any CPU
		{F41823B0-2865-4227-9838-76CF374D6DD0}.Debug|Any CPU.Build.0 = Debug|Any CPU
		{F41823B0-2865-4227-9838-76CF374D6DD0}.Release|Any CPU.ActiveCfg = Release|Any CPU
		{F41823B0-2865-4227-9838-76CF374D6DD0}.Release|Any CPU.Build.0 = Release|Any CPU
		{5D6A7151-3941-415B-9AAC-A14E5BF7B4EF}.Debug|Any CPU.ActiveCfg = Debug|Any CPU
		{5D6A7151-3941-415B-9AAC-A14E5BF7B4EF}.Debug|Any CPU.Build.0 = Debug|Any CPU
		{5D6A7151-3941-415B-9AAC-A14E5BF7B4EF}.Release|Any CPU.ActiveCfg = Release|Any CPU
		{5D6A7151-3941-415B-9AAC-A14E5BF7B4EF}.Release|Any CPU.Build.0 = Release|Any CPU
	EndGlobalSection
	GlobalSection(SolutionProperties) = preSolution
		HideSolutionNode = FALSE
	EndGlobalSection
	GlobalSection(ExtensibilityGlobals) = postSolution
		SolutionGuid = {8314E859-33D5-4A46-A243-7FBAF1D46933}
	EndGlobalSection
EndGlobal
